
Microsoft Visual Studio Solution File, Format Version 12.00
# Visual Studio Version 16
VisualStudioVersion = 16.0.33130.400
MinimumVisualStudioVersion = 10.0.40219.1
Project("{FAE04EC0-301F-11D3-BF4B-00C04F79EFBC}") = "Covid19SignalR", "Covid19SignalR\Covid19SignalR.csproj", "{AAB255F8-4173-42F8-98B9-CBBDA7DD8322}"
EndProject
Global
	GlobalSection(SolutionConfigurationPlatforms) = preSolution
		Debug|Any CPU = Debug|Any CPU
		Release|Any CPU = Release|Any CPU
	EndGlobalSection
	GlobalSection(ProjectConfigurationPlatforms) = postSolution
		{AAB255F8-4173-42F8-98B9-CBBDA7DD8322}.Debug|Any CPU.ActiveCfg = Debug|Any CPU
		{AAB255F8-4173-42F8-98B9-CBBDA7DD8322}.Debug|Any CPU.Build.0 = Debug|Any CPU
		{AAB255F8-4173-42F8-98B9-CBBDA7DD8322}.Release|Any CPU.ActiveCfg = Release|Any CPU
		{AAB255F8-4173-42F8-98B9-CBBDA7DD8322}.Release|Any CPU.Build.0 = Release|Any CPU
	EndGlobalSection
	GlobalSection(SolutionProperties) = preSolution
		HideSolutionNode = FALSE
	EndGlobalSection
	GlobalSection(ExtensibilityGlobals) = postSolution
		SolutionGuid = {C3F966A0-EB8C-46F4-A843-48B60FEC7970}
	EndGlobalSection
EndGlobal
